
Microsoft Visual Studio Solution File, Format Version 12.00
# Visual Studio Version 17
VisualStudioVersion = 17.7.34031.279
MinimumVisualStudioVersion = 10.0.40219.1
Project("{FAE04EC0-301F-11D3-BF4B-00C04F79EFBC}") = "04.10", "04.10.csproj", "{B68967D1-0EB2-4A68-AE41-E8D24582FF8E}"
EndProject
Global
	GlobalSection(SolutionConfigurationPlatforms) = preSolution
		Debug|Any CPU = Debug|Any CPU
		Release|Any CPU = Release|Any CPU
	EndGlobalSection
	GlobalSection(ProjectConfigurationPlatforms) = postSolution
		{B68967D1-0EB2-4A68-AE41-E8D24582FF8E}.Debug|Any CPU.ActiveCfg = Debug|Any CPU
		{B68967D1-0EB2-4A68-AE41-E8D24582FF8E}.Debug|Any CPU.Build.0 = Debug|Any CPU
		{B68967D1-0EB2-4A68-AE41-E8D24582FF8E}.Release|Any CPU.ActiveCfg = Release|Any CPU
		{B68967D1-0EB2-4A68-AE41-E8D24582FF8E}.Release|Any CPU.Build.0 = Release|Any CPU
	EndGlobalSection
	GlobalSection(SolutionProperties) = preSolution
		HideSolutionNode = FALSE
	EndGlobalSection
	GlobalSection(ExtensibilityGlobals) = postSolution
		SolutionGuid = {C6B299A4-2A3B-4A42-88CD-C7D636EB4364}
	EndGlobalSection
EndGlobal
