
Microsoft Visual Studio Solution File, Format Version 12.00
# Visual Studio Version 17
VisualStudioVersion = 17.7.34221.43
MinimumVisualStudioVersion = 10.0.40219.1
Project("{9A19103F-16F7-4668-BE54-9A1E7A4F7556}") = "graf przejść", "graf przejść\graf przejść.csproj", "{C37009F2-75E5-4A24-9D0E-C15EE53BF0BC}"
EndProject
Global
	GlobalSection(SolutionConfigurationPlatforms) = preSolution
		Debug|Any CPU = Debug|Any CPU
		Release|Any CPU = Release|Any CPU
	EndGlobalSection
	GlobalSection(ProjectConfigurationPlatforms) = postSolution
		{C37009F2-75E5-4A24-9D0E-C15EE53BF0BC}.Debug|Any CPU.ActiveCfg = Debug|Any CPU
		{C37009F2-75E5-4A24-9D0E-C15EE53BF0BC}.Debug|Any CPU.Build.0 = Debug|Any CPU
		{C37009F2-75E5-4A24-9D0E-C15EE53BF0BC}.Release|Any CPU.ActiveCfg = Release|Any CPU
		{C37009F2-75E5-4A24-9D0E-C15EE53BF0BC}.Release|Any CPU.Build.0 = Release|Any CPU
	EndGlobalSection
	GlobalSection(SolutionProperties) = preSolution
		HideSolutionNode = FALSE
	EndGlobalSection
	GlobalSection(ExtensibilityGlobals) = postSolution
		SolutionGuid = {D050C4CE-F28F-40F8-8B27-A588F92080A3}
	EndGlobalSection
EndGlobal
